
Microsoft Visual Studio Solution File, Format Version 12.00
# Visual Studio Version 17
VisualStudioVersion = 17.6.33815.320
MinimumVisualStudioVersion = 10.0.40219.1
Project("{FAE04EC0-301F-11D3-BF4B-00C04F79EFBC}") = "LP3-PARCIAL1", "LP3-PARCIAL1\LP3-PARCIAL1.csproj", "{CDDD156D-23AC-415E-83B6-66E959C23BFA}"
EndProject
Global
	GlobalSection(SolutionConfigurationPlatforms) = preSolution
		Debug|Any CPU = Debug|Any CPU
		Release|Any CPU = Release|Any CPU
	EndGlobalSection
	GlobalSection(ProjectConfigurationPlatforms) = postSolution
		{CDDD156D-23AC-415E-83B6-66E959C23BFA}.Debug|Any CPU.ActiveCfg = Debug|Any CPU
		{CDDD156D-23AC-415E-83B6-66E959C23BFA}.Debug|Any CPU.Build.0 = Debug|Any CPU
		{CDDD156D-23AC-415E-83B6-66E959C23BFA}.Release|Any CPU.ActiveCfg = Release|Any CPU
		{CDDD156D-23AC-415E-83B6-66E959C23BFA}.Release|Any CPU.Build.0 = Release|Any CPU
	EndGlobalSection
	GlobalSection(SolutionProperties) = preSolution
		HideSolutionNode = FALSE
	EndGlobalSection
	GlobalSection(ExtensibilityGlobals) = postSolution
		SolutionGuid = {A2D9DB92-6D6E-4FDC-9D94-E1740E0E950C}
	EndGlobalSection
EndGlobal
